
Microsoft Visual Studio Solution File, Format Version 12.00
# Visual Studio Version 16
VisualStudioVersion = 16.0.30104.148
MinimumVisualStudioVersion = 10.0.40219.1
Project("{9A19103F-16F7-4668-BE54-9A1E7A4F7556}") = "Folders", "Folders.csproj", "{11E0449F-4BA5-4AA2-8CAB-3A055BBB5415}"
EndProject
Project("{9A19103F-16F7-4668-BE54-9A1E7A4F7556}") = "Ex2", "Ex2\Ex2.csproj", "{F4DF3103-7308-41C2-A407-EC9C8B31458F}"
EndProject
Project("{9A19103F-16F7-4668-BE54-9A1E7A4F7556}") = "Ex3", "Ex3\Ex3.csproj", "{BCCED571-3896-4B04-BABE-7492B1F1E7E3}"
EndProject
Project("{9A19103F-16F7-4668-BE54-9A1E7A4F7556}") = "Ex5", "Ex5\Ex5.csproj", "{5F909F94-AB53-4006-BEF9-4CE3E056E3A3}"
EndProject
Project("{9A19103F-16F7-4668-BE54-9A1E7A4F7556}") = "Ex4", "Ex4\Ex4.csproj", "{CA221009-C07C-47C5-B1CA-5244FC8EAE1E}"
EndProject
Project("{2150E333-8FDC-42A3-9474-1A3956D46DE8}") = "HW_Maksimov", "HW_Maksimov", "{17C7E084-BFEE-4F1E-B047-19AF9295A2AC}"
EndProject
Project("{FAE04EC0-301F-11D3-BF4B-00C04F79EFBC}") = "Ex6", "Ex6\Ex6.csproj", "{D98BFFA3-AB2F-4CEE-915E-7485E42C35B9}"
EndProject
Project("{FAE04EC0-301F-11D3-BF4B-00C04F79EFBC}") = "Ex1", "Ex1\Ex1.csproj", "{3F8015EA-9E1E-425D-900C-B8A6B15AAD52}"
EndProject
Global
	GlobalSection(SolutionConfigurationPlatforms) = preSolution
		Debug|Any CPU = Debug|Any CPU
		Release|Any CPU = Release|Any CPU
	EndGlobalSection
	GlobalSection(ProjectConfigurationPlatforms) = postSolution
		{11E0449F-4BA5-4AA2-8CAB-3A055BBB5415}.Debug|Any CPU.ActiveCfg = Debug|Any CPU
		{11E0449F-4BA5-4AA2-8CAB-3A055BBB5415}.Debug|Any CPU.Build.0 = Debug|Any CPU
		{11E0449F-4BA5-4AA2-8CAB-3A055BBB5415}.Release|Any CPU.ActiveCfg = Release|Any CPU
		{11E0449F-4BA5-4AA2-8CAB-3A055BBB5415}.Release|Any CPU.Build.0 = Release|Any CPU
		{F4DF3103-7308-41C2-A407-EC9C8B31458F}.Debug|Any CPU.ActiveCfg = Debug|Any CPU
		{F4DF3103-7308-41C2-A407-EC9C8B31458F}.Debug|Any CPU.Build.0 = Debug|Any CPU
		{F4DF3103-7308-41C2-A407-EC9C8B31458F}.Release|Any CPU.ActiveCfg = Release|Any CPU
		{F4DF3103-7308-41C2-A407-EC9C8B31458F}.Release|Any CPU.Build.0 = Release|Any CPU
		{BCCED571-3896-4B04-BABE-7492B1F1E7E3}.Debug|Any CPU.ActiveCfg = Debug|Any CPU
		{BCCED571-3896-4B04-BABE-7492B1F1E7E3}.Debug|Any CPU.Build.0 = Debug|Any CPU
		{BCCED571-3896-4B04-BABE-7492B1F1E7E3}.Release|Any CPU.ActiveCfg = Release|Any CPU
		{BCCED571-3896-4B04-BABE-7492B1F1E7E3}.Release|Any CPU.Build.0 = Release|Any CPU
		{5F909F94-AB53-4006-BEF9-4CE3E056E3A3}.Debug|Any CPU.ActiveCfg = Debug|Any CPU
		{5F909F94-AB53-4006-BEF9-4CE3E056E3A3}.Debug|Any CPU.Build.0 = Debug|Any CPU
		{5F909F94-AB53-4006-BEF9-4CE3E056E3A3}.Release|Any CPU.ActiveCfg = Release|Any CPU
		{5F909F94-AB53-4006-BEF9-4CE3E056E3A3}.Release|Any CPU.Build.0 = Release|Any CPU
		{CA221009-C07C-47C5-B1CA-5244FC8EAE1E}.Debug|Any CPU.ActiveCfg = Debug|Any CPU
		{CA221009-C07C-47C5-B1CA-5244FC8EAE1E}.Debug|Any CPU.Build.0 = Debug|Any CPU
		{CA221009-C07C-47C5-B1CA-5244FC8EAE1E}.Release|Any CPU.ActiveCfg = Release|Any CPU
		{CA221009-C07C-47C5-B1CA-5244FC8EAE1E}.Release|Any CPU.Build.0 = Release|Any CPU
		{D98BFFA3-AB2F-4CEE-915E-7485E42C35B9}.Debug|Any CPU.ActiveCfg = Debug|Any CPU
		{D98BFFA3-AB2F-4CEE-915E-7485E42C35B9}.Debug|Any CPU.Build.0 = Debug|Any CPU
		{D98BFFA3-AB2F-4CEE-915E-7485E42C35B9}.Release|Any CPU.ActiveCfg = Release|Any CPU
		{D98BFFA3-AB2F-4CEE-915E-7485E42C35B9}.Release|Any CPU.Build.0 = Release|Any CPU
		{3F8015EA-9E1E-425D-900C-B8A6B15AAD52}.Debug|Any CPU.ActiveCfg = Debug|Any CPU
		{3F8015EA-9E1E-425D-900C-B8A6B15AAD52}.Debug|Any CPU.Build.0 = Debug|Any CPU
		{3F8015EA-9E1E-425D-900C-B8A6B15AAD52}.Release|Any CPU.ActiveCfg = Release|Any CPU
		{3F8015EA-9E1E-425D-900C-B8A6B15AAD52}.Release|Any CPU.Build.0 = Release|Any CPU
	EndGlobalSection
	GlobalSection(SolutionProperties) = preSolution
		HideSolutionNode = FALSE
	EndGlobalSection
	GlobalSection(NestedProjects) = preSolution
		{11E0449F-4BA5-4AA2-8CAB-3A055BBB5415} = {17C7E084-BFEE-4F1E-B047-19AF9295A2AC}
		{F4DF3103-7308-41C2-A407-EC9C8B31458F} = {17C7E084-BFEE-4F1E-B047-19AF9295A2AC}
		{BCCED571-3896-4B04-BABE-7492B1F1E7E3} = {17C7E084-BFEE-4F1E-B047-19AF9295A2AC}
		{5F909F94-AB53-4006-BEF9-4CE3E056E3A3} = {17C7E084-BFEE-4F1E-B047-19AF9295A2AC}
		{CA221009-C07C-47C5-B1CA-5244FC8EAE1E} = {17C7E084-BFEE-4F1E-B047-19AF9295A2AC}
		{D98BFFA3-AB2F-4CEE-915E-7485E42C35B9} = {17C7E084-BFEE-4F1E-B047-19AF9295A2AC}
		{3F8015EA-9E1E-425D-900C-B8A6B15AAD52} = {17C7E084-BFEE-4F1E-B047-19AF9295A2AC}
	EndGlobalSection
	GlobalSection(ExtensibilityGlobals) = postSolution
		SolutionGuid = {E8AA29B5-7AC3-464B-9E34-59A48BC402DB}
	EndGlobalSection
EndGlobal
