
Microsoft Visual Studio Solution File, Format Version 12.00
# Visual Studio Version 16
VisualStudioVersion = 16.0.30104.148
MinimumVisualStudioVersion = 10.0.40219.1
Project("{9A19103F-16F7-4668-BE54-9A1E7A4F7556}") = "Ex1", "Ex1\Ex1.csproj", "{69E6062F-48D5-481F-AB43-D740F955D2C1}"
EndProject
Project("{FAE04EC0-301F-11D3-BF4B-00C04F79EFBC}") = "Ex2", "Ex2\Ex2.csproj", "{73721FBA-EC24-4510-A819-91AB819A75B6}"
EndProject
Project("{2150E333-8FDC-42A3-9474-1A3956D46DE8}") = "HW08_Maximov", "HW08_Maximov", "{1A3D4F74-749E-4A35-B501-A3A023C4FB6A}"
EndProject
Project("{FAE04EC0-301F-11D3-BF4B-00C04F79EFBC}") = "Ex3", "Ex3\Ex3.csproj", "{EE9F81A9-FAE4-4CEE-B8AF-653CAC360410}"
EndProject
Project("{FAE04EC0-301F-11D3-BF4B-00C04F79EFBC}") = "Ex4", "Ex4\Ex4.csproj", "{88D2C0D4-8A28-45ED-9A00-E36E8C16983F}"
EndProject
Project("{FAE04EC0-301F-11D3-BF4B-00C04F79EFBC}") = "ConsoleApp1", "ConsoleApp1\ConsoleApp1.csproj", "{AFCBDE48-1F76-42D3-B075-114CC7845AB5}"
EndProject
Global
	GlobalSection(SolutionConfigurationPlatforms) = preSolution
		Debug|Any CPU = Debug|Any CPU
		Debug|ARM = Debug|ARM
		Debug|ARM64 = Debug|ARM64
		Debug|x64 = Debug|x64
		Debug|x86 = Debug|x86
		Release|Any CPU = Release|Any CPU
		Release|ARM = Release|ARM
		Release|ARM64 = Release|ARM64
		Release|x64 = Release|x64
		Release|x86 = Release|x86
	EndGlobalSection
	GlobalSection(ProjectConfigurationPlatforms) = postSolution
		{69E6062F-48D5-481F-AB43-D740F955D2C1}.Debug|Any CPU.ActiveCfg = Debug|Any CPU
		{69E6062F-48D5-481F-AB43-D740F955D2C1}.Debug|Any CPU.Build.0 = Debug|Any CPU
		{69E6062F-48D5-481F-AB43-D740F955D2C1}.Debug|ARM.ActiveCfg = Debug|Any CPU
		{69E6062F-48D5-481F-AB43-D740F955D2C1}.Debug|ARM.Build.0 = Debug|Any CPU
		{69E6062F-48D5-481F-AB43-D740F955D2C1}.Debug|ARM64.ActiveCfg = Debug|Any CPU
		{69E6062F-48D5-481F-AB43-D740F955D2C1}.Debug|ARM64.Build.0 = Debug|Any CPU
		{69E6062F-48D5-481F-AB43-D740F955D2C1}.Debug|x64.ActiveCfg = Debug|Any CPU
		{69E6062F-48D5-481F-AB43-D740F955D2C1}.Debug|x64.Build.0 = Debug|Any CPU
		{69E6062F-48D5-481F-AB43-D740F955D2C1}.Debug|x86.ActiveCfg = Debug|Any CPU
		{69E6062F-48D5-481F-AB43-D740F955D2C1}.Debug|x86.Build.0 = Debug|Any CPU
		{69E6062F-48D5-481F-AB43-D740F955D2C1}.Release|Any CPU.ActiveCfg = Release|Any CPU
		{69E6062F-48D5-481F-AB43-D740F955D2C1}.Release|Any CPU.Build.0 = Release|Any CPU
		{69E6062F-48D5-481F-AB43-D740F955D2C1}.Release|ARM.ActiveCfg = Release|Any CPU
		{69E6062F-48D5-481F-AB43-D740F955D2C1}.Release|ARM.Build.0 = Release|Any CPU
		{69E6062F-48D5-481F-AB43-D740F955D2C1}.Release|ARM64.ActiveCfg = Release|Any CPU
		{69E6062F-48D5-481F-AB43-D740F955D2C1}.Release|ARM64.Build.0 = Release|Any CPU
		{69E6062F-48D5-481F-AB43-D740F955D2C1}.Release|x64.ActiveCfg = Release|Any CPU
		{69E6062F-48D5-481F-AB43-D740F955D2C1}.Release|x64.Build.0 = Release|Any CPU
		{69E6062F-48D5-481F-AB43-D740F955D2C1}.Release|x86.ActiveCfg = Release|Any CPU
		{69E6062F-48D5-481F-AB43-D740F955D2C1}.Release|x86.Build.0 = Release|Any CPU
		{73721FBA-EC24-4510-A819-91AB819A75B6}.Debug|Any CPU.ActiveCfg = Debug|Any CPU
		{73721FBA-EC24-4510-A819-91AB819A75B6}.Debug|Any CPU.Build.0 = Debug|Any CPU
		{73721FBA-EC24-4510-A819-91AB819A75B6}.Debug|ARM.ActiveCfg = Debug|Any CPU
		{73721FBA-EC24-4510-A819-91AB819A75B6}.Debug|ARM.Build.0 = Debug|Any CPU
		{73721FBA-EC24-4510-A819-91AB819A75B6}.Debug|ARM64.ActiveCfg = Debug|Any CPU
		{73721FBA-EC24-4510-A819-91AB819A75B6}.Debug|ARM64.Build.0 = Debug|Any CPU
		{73721FBA-EC24-4510-A819-91AB819A75B6}.Debug|x64.ActiveCfg = Debug|Any CPU
		{73721FBA-EC24-4510-A819-91AB819A75B6}.Debug|x64.Build.0 = Debug|Any CPU
		{73721FBA-EC24-4510-A819-91AB819A75B6}.Debug|x86.ActiveCfg = Debug|Any CPU
		{73721FBA-EC24-4510-A819-91AB819A75B6}.Debug|x86.Build.0 = Debug|Any CPU
		{73721FBA-EC24-4510-A819-91AB819A75B6}.Release|Any CPU.ActiveCfg = Release|Any CPU
		{73721FBA-EC24-4510-A819-91AB819A75B6}.Release|Any CPU.Build.0 = Release|Any CPU
		{73721FBA-EC24-4510-A819-91AB819A75B6}.Release|ARM.ActiveCfg = Release|Any CPU
		{73721FBA-EC24-4510-A819-91AB819A75B6}.Release|ARM.Build.0 = Release|Any CPU
		{73721FBA-EC24-4510-A819-91AB819A75B6}.Release|ARM64.ActiveCfg = Release|Any CPU
		{73721FBA-EC24-4510-A819-91AB819A75B6}.Release|ARM64.Build.0 = Release|Any CPU
		{73721FBA-EC24-4510-A819-91AB819A75B6}.Release|x64.ActiveCfg = Release|Any CPU
		{73721FBA-EC24-4510-A819-91AB819A75B6}.Release|x64.Build.0 = Release|Any CPU
		{73721FBA-EC24-4510-A819-91AB819A75B6}.Release|x86.ActiveCfg = Release|Any CPU
		{73721FBA-EC24-4510-A819-91AB819A75B6}.Release|x86.Build.0 = Release|Any CPU
		{EE9F81A9-FAE4-4CEE-B8AF-653CAC360410}.Debug|Any CPU.ActiveCfg = Debug|Any CPU
		{EE9F81A9-FAE4-4CEE-B8AF-653CAC360410}.Debug|Any CPU.Build.0 = Debug|Any CPU
		{EE9F81A9-FAE4-4CEE-B8AF-653CAC360410}.Debug|ARM.ActiveCfg = Debug|Any CPU
		{EE9F81A9-FAE4-4CEE-B8AF-653CAC360410}.Debug|ARM.Build.0 = Debug|Any CPU
		{EE9F81A9-FAE4-4CEE-B8AF-653CAC360410}.Debug|ARM64.ActiveCfg = Debug|Any CPU
		{EE9F81A9-FAE4-4CEE-B8AF-653CAC360410}.Debug|ARM64.Build.0 = Debug|Any CPU
		{EE9F81A9-FAE4-4CEE-B8AF-653CAC360410}.Debug|x64.ActiveCfg = Debug|Any CPU
		{EE9F81A9-FAE4-4CEE-B8AF-653CAC360410}.Debug|x64.Build.0 = Debug|Any CPU
		{EE9F81A9-FAE4-4CEE-B8AF-653CAC360410}.Debug|x86.ActiveCfg = Debug|Any CPU
		{EE9F81A9-FAE4-4CEE-B8AF-653CAC360410}.Debug|x86.Build.0 = Debug|Any CPU
		{EE9F81A9-FAE4-4CEE-B8AF-653CAC360410}.Release|Any CPU.ActiveCfg = Release|Any CPU
		{EE9F81A9-FAE4-4CEE-B8AF-653CAC360410}.Release|Any CPU.Build.0 = Release|Any CPU
		{EE9F81A9-FAE4-4CEE-B8AF-653CAC360410}.Release|ARM.ActiveCfg = Release|Any CPU
		{EE9F81A9-FAE4-4CEE-B8AF-653CAC360410}.Release|ARM.Build.0 = Release|Any CPU
		{EE9F81A9-FAE4-4CEE-B8AF-653CAC360410}.Release|ARM64.ActiveCfg = Release|Any CPU
		{EE9F81A9-FAE4-4CEE-B8AF-653CAC360410}.Release|ARM64.Build.0 = Release|Any CPU
		{EE9F81A9-FAE4-4CEE-B8AF-653CAC360410}.Release|x64.ActiveCfg = Release|Any CPU
		{EE9F81A9-FAE4-4CEE-B8AF-653CAC360410}.Release|x64.Build.0 = Release|Any CPU
		{EE9F81A9-FAE4-4CEE-B8AF-653CAC360410}.Release|x86.ActiveCfg = Release|Any CPU
		{EE9F81A9-FAE4-4CEE-B8AF-653CAC360410}.Release|x86.Build.0 = Release|Any CPU
		{88D2C0D4-8A28-45ED-9A00-E36E8C16983F}.Debug|Any CPU.ActiveCfg = Debug|Any CPU
		{88D2C0D4-8A28-45ED-9A00-E36E8C16983F}.Debug|Any CPU.Build.0 = Debug|Any CPU
		{88D2C0D4-8A28-45ED-9A00-E36E8C16983F}.Debug|ARM.ActiveCfg = Debug|Any CPU
		{88D2C0D4-8A28-45ED-9A00-E36E8C16983F}.Debug|ARM.Build.0 = Debug|Any CPU
		{88D2C0D4-8A28-45ED-9A00-E36E8C16983F}.Debug|ARM64.ActiveCfg = Debug|Any CPU
		{88D2C0D4-8A28-45ED-9A00-E36E8C16983F}.Debug|ARM64.Build.0 = Debug|Any CPU
		{88D2C0D4-8A28-45ED-9A00-E36E8C16983F}.Debug|x64.ActiveCfg = Debug|Any CPU
		{88D2C0D4-8A28-45ED-9A00-E36E8C16983F}.Debug|x64.Build.0 = Debug|Any CPU
		{88D2C0D4-8A28-45ED-9A00-E36E8C16983F}.Debug|x86.ActiveCfg = Debug|Any CPU
		{88D2C0D4-8A28-45ED-9A00-E36E8C16983F}.Debug|x86.Build.0 = Debug|Any CPU
		{88D2C0D4-8A28-45ED-9A00-E36E8C16983F}.Release|Any CPU.ActiveCfg = Release|Any CPU
		{88D2C0D4-8A28-45ED-9A00-E36E8C16983F}.Release|Any CPU.Build.0 = Release|Any CPU
		{88D2C0D4-8A28-45ED-9A00-E36E8C16983F}.Release|ARM.ActiveCfg = Release|Any CPU
		{88D2C0D4-8A28-45ED-9A00-E36E8C16983F}.Release|ARM.Build.0 = Release|Any CPU
		{88D2C0D4-8A28-45ED-9A00-E36E8C16983F}.Release|ARM64.ActiveCfg = Release|Any CPU
		{88D2C0D4-8A28-45ED-9A00-E36E8C16983F}.Release|ARM64.Build.0 = Release|Any CPU
		{88D2C0D4-8A28-45ED-9A00-E36E8C16983F}.Release|x64.ActiveCfg = Release|Any CPU
		{88D2C0D4-8A28-45ED-9A00-E36E8C16983F}.Release|x64.Build.0 = Release|Any CPU
		{88D2C0D4-8A28-45ED-9A00-E36E8C16983F}.Release|x86.ActiveCfg = Release|Any CPU
		{88D2C0D4-8A28-45ED-9A00-E36E8C16983F}.Release|x86.Build.0 = Release|Any CPU
		{AFCBDE48-1F76-42D3-B075-114CC7845AB5}.Debug|Any CPU.ActiveCfg = Debug|Any CPU
		{AFCBDE48-1F76-42D3-B075-114CC7845AB5}.Debug|Any CPU.Build.0 = Debug|Any CPU
		{AFCBDE48-1F76-42D3-B075-114CC7845AB5}.Debug|ARM.ActiveCfg = Debug|Any CPU
		{AFCBDE48-1F76-42D3-B075-114CC7845AB5}.Debug|ARM.Build.0 = Debug|Any CPU
		{AFCBDE48-1F76-42D3-B075-114CC7845AB5}.Debug|ARM64.ActiveCfg = Debug|Any CPU
		{AFCBDE48-1F76-42D3-B075-114CC7845AB5}.Debug|ARM64.Build.0 = Debug|Any CPU
		{AFCBDE48-1F76-42D3-B075-114CC7845AB5}.Debug|x64.ActiveCfg = Debug|Any CPU
		{AFCBDE48-1F76-42D3-B075-114CC7845AB5}.Debug|x64.Build.0 = Debug|Any CPU
		{AFCBDE48-1F76-42D3-B075-114CC7845AB5}.Debug|x86.ActiveCfg = Debug|Any CPU
		{AFCBDE48-1F76-42D3-B075-114CC7845AB5}.Debug|x86.Build.0 = Debug|Any CPU
		{AFCBDE48-1F76-42D3-B075-114CC7845AB5}.Release|Any CPU.ActiveCfg = Release|Any CPU
		{AFCBDE48-1F76-42D3-B075-114CC7845AB5}.Release|Any CPU.Build.0 = Release|Any CPU
		{AFCBDE48-1F76-42D3-B075-114CC7845AB5}.Release|ARM.ActiveCfg = Release|Any CPU
		{AFCBDE48-1F76-42D3-B075-114CC7845AB5}.Release|ARM.Build.0 = Release|Any CPU
		{AFCBDE48-1F76-42D3-B075-114CC7845AB5}.Release|ARM64.ActiveCfg = Release|Any CPU
		{AFCBDE48-1F76-42D3-B075-114CC7845AB5}.Release|ARM64.Build.0 = Release|Any CPU
		{AFCBDE48-1F76-42D3-B075-114CC7845AB5}.Release|x64.ActiveCfg = Release|Any CPU
		{AFCBDE48-1F76-42D3-B075-114CC7845AB5}.Release|x64.Build.0 = Release|Any CPU
		{AFCBDE48-1F76-42D3-B075-114CC7845AB5}.Release|x86.ActiveCfg = Release|Any CPU
		{AFCBDE48-1F76-42D3-B075-114CC7845AB5}.Release|x86.Build.0 = Release|Any CPU
	EndGlobalSection
	GlobalSection(SolutionProperties) = preSolution
		HideSolutionNode = FALSE
	EndGlobalSection
	GlobalSection(NestedProjects) = preSolution
		{69E6062F-48D5-481F-AB43-D740F955D2C1} = {1A3D4F74-749E-4A35-B501-A3A023C4FB6A}
		{73721FBA-EC24-4510-A819-91AB819A75B6} = {1A3D4F74-749E-4A35-B501-A3A023C4FB6A}
		{EE9F81A9-FAE4-4CEE-B8AF-653CAC360410} = {1A3D4F74-749E-4A35-B501-A3A023C4FB6A}
		{88D2C0D4-8A28-45ED-9A00-E36E8C16983F} = {1A3D4F74-749E-4A35-B501-A3A023C4FB6A}
	EndGlobalSection
	GlobalSection(ExtensibilityGlobals) = postSolution
		SolutionGuid = {16F31E66-0FFE-41E0-8CF2-1717C1E786BE}
	EndGlobalSection
EndGlobal
